<Solution>
  <Project Path="dnapp/lambdas/reports-handler/Restaurant.Reports.Handler.csproj" />
  <Project Path="dnapp/lambdas/reports-sender/Restaurant.Reports.Sender.csproj" />
  <Project Path="dnapp/lambdas/restaurant-api/Restaurant.Core/Restaurant.Core.csproj" />
  <Project Path="dnapp/Restaurant.Reports/Restaurant.Reports.csproj" />
</Solution>
