
Microsoft Visual Studio Solution File, Format Version 12.00
# Visual Studio Version 18
VisualStudioVersion = 18.3.11505.172
MinimumVisualStudioVersion = 10.0.40219.1
Project("{FAE04EC0-301F-11D3-BF4B-00C04F79EFBC}") = "Function", "dnapp\lambdas\restaurant-api\Function.csproj", "{A732B899-7426-55FC-CC5C-12E07C15004D}"
EndProject
Project("{FAE04EC0-301F-11D3-BF4B-00C04F79EFBC}") = "Restaurant.Api", "dnapp\lambdas\restaurant-api\Restaurant.Api\Restaurant.Api.csproj", "{AA3DDF22-A035-EE6B-F610-64E3744F26A6}"
EndProject
Project("{FAE04EC0-301F-11D3-BF4B-00C04F79EFBC}") = "Restaurant.Core", "dnapp\lambdas\restaurant-api\Restaurant.Core\Restaurant.Core.csproj", "{9F61B406-CA28-3CAC-C352-FCCC6A6AFDFA}"
EndProject
Project("{FAE04EC0-301F-11D3-BF4B-00C04F79EFBC}") = "Restaurant.Infrastructure", "dnapp\lambdas\restaurant-api\Restaurant.Infrastructure\Restaurant.Infrastructure.csproj", "{E22A60D7-5E94-4E54-9B94-7CEA40FDE6CF}"
EndProject
Project("{FAE04EC0-301F-11D3-BF4B-00C04F79EFBC}") = "Restaurant.UnitTests", "..\..\automation-qa\UnitTests\Restaurant.UnitTests\Restaurant.UnitTests.csproj", "{ED766B5C-CBF3-4CE0-ADD0-3ADCE1E8312A}"
EndProject
Project("{2150E333-8FDC-42A3-9474-1A3956D46DE8}") = "dnapp", "dnapp", "{5BFE4096-119E-7994-1857-DCB610C06FE9}"
EndProject
Project("{2150E333-8FDC-42A3-9474-1A3956D46DE8}") = "lambdas", "lambdas", "{59BF4908-41AA-EADE-1F87-7017183F1D38}"
EndProject
Project("{2150E333-8FDC-42A3-9474-1A3956D46DE8}") = "restaurant-api", "restaurant-api", "{9122D03A-FA28-046E-C75E-3C4D9ED9F941}"
EndProject
Project("{FAE04EC0-301F-11D3-BF4B-00C04F79EFBC}") = "Restaurant.IntegrationTests", "..\..\automation-qa\IntegrationTests\Restaurant.IntegrationTests\Restaurant.IntegrationTests.csproj", "{C544D9D1-F19C-4C1A-870D-C4D59579B69B}"
EndProject
Project("{FAE04EC0-301F-11D3-BF4B-00C04F79EFBC}") = "Restaurant.Reports", "dnapp\Restaurant.Reports\Restaurant.Reports.csproj", "{E81BF60E-03B3-C57B-D691-74EBC4328BE1}"
EndProject
Project("{FAE04EC0-301F-11D3-BF4B-00C04F79EFBC}") = "Restaurant.Reports.Sender", "dnapp\lambdas\reports-sender\Restaurant.Reports.Sender.csproj", "{261A729B-5D01-4E88-B4A8-6D5DFDA10CD8}"
EndProject
Project("{FAE04EC0-301F-11D3-BF4B-00C04F79EFBC}") = "Restaurant.SystemTests", "..\..\automation-qa\SystemTests\Restaurant.SystemTests\Restaurant.SystemTests.csproj", "{AD8E5EA7-C61F-4D37-A1B9-E21E5B97B120}"
EndProject
Global
	GlobalSection(SolutionConfigurationPlatforms) = preSolution
		Debug|Any CPU = Debug|Any CPU
		Debug|x64 = Debug|x64
		Debug|x86 = Debug|x86
		Release|Any CPU = Release|Any CPU
		Release|x64 = Release|x64
		Release|x86 = Release|x86
	EndGlobalSection
	GlobalSection(ProjectConfigurationPlatforms) = postSolution
		{A732B899-7426-55FC-CC5C-12E07C15004D}.Debug|Any CPU.ActiveCfg = Debug|Any CPU
		{A732B899-7426-55FC-CC5C-12E07C15004D}.Debug|Any CPU.Build.0 = Debug|Any CPU
		{A732B899-7426-55FC-CC5C-12E07C15004D}.Debug|x64.ActiveCfg = Debug|Any CPU
		{A732B899-7426-55FC-CC5C-12E07C15004D}.Debug|x64.Build.0 = Debug|Any CPU
		{A732B899-7426-55FC-CC5C-12E07C15004D}.Debug|x86.ActiveCfg = Debug|Any CPU
		{A732B899-7426-55FC-CC5C-12E07C15004D}.Debug|x86.Build.0 = Debug|Any CPU
		{A732B899-7426-55FC-CC5C-12E07C15004D}.Release|Any CPU.ActiveCfg = Release|Any CPU
		{A732B899-7426-55FC-CC5C-12E07C15004D}.Release|Any CPU.Build.0 = Release|Any CPU
		{A732B899-7426-55FC-CC5C-12E07C15004D}.Release|x64.ActiveCfg = Release|Any CPU
		{A732B899-7426-55FC-CC5C-12E07C15004D}.Release|x64.Build.0 = Release|Any CPU
		{A732B899-7426-55FC-CC5C-12E07C15004D}.Release|x86.ActiveCfg = Release|Any CPU
		{A732B899-7426-55FC-CC5C-12E07C15004D}.Release|x86.Build.0 = Release|Any CPU
		{AA3DDF22-A035-EE6B-F610-64E3744F26A6}.Debug|Any CPU.ActiveCfg = Debug|Any CPU
		{AA3DDF22-A035-EE6B-F610-64E3744F26A6}.Debug|Any CPU.Build.0 = Debug|Any CPU
		{AA3DDF22-A035-EE6B-F610-64E3744F26A6}.Debug|x64.ActiveCfg = Debug|Any CPU
		{AA3DDF22-A035-EE6B-F610-64E3744F26A6}.Debug|x64.Build.0 = Debug|Any CPU
		{AA3DDF22-A035-EE6B-F610-64E3744F26A6}.Debug|x86.ActiveCfg = Debug|Any CPU
		{AA3DDF22-A035-EE6B-F610-64E3744F26A6}.Debug|x86.Build.0 = Debug|Any CPU
		{AA3DDF22-A035-EE6B-F610-64E3744F26A6}.Release|Any CPU.ActiveCfg = Release|Any CPU
		{AA3DDF22-A035-EE6B-F610-64E3744F26A6}.Release|Any CPU.Build.0 = Release|Any CPU
		{AA3DDF22-A035-EE6B-F610-64E3744F26A6}.Release|x64.ActiveCfg = Release|Any CPU
		{AA3DDF22-A035-EE6B-F610-64E3744F26A6}.Release|x64.Build.0 = Release|Any CPU
		{AA3DDF22-A035-EE6B-F610-64E3744F26A6}.Release|x86.ActiveCfg = Release|Any CPU
		{AA3DDF22-A035-EE6B-F610-64E3744F26A6}.Release|x86.Build.0 = Release|Any CPU
		{9F61B406-CA28-3CAC-C352-FCCC6A6AFDFA}.Debug|Any CPU.ActiveCfg = Debug|Any CPU
		{9F61B406-CA28-3CAC-C352-FCCC6A6AFDFA}.Debug|Any CPU.Build.0 = Debug|Any CPU
		{9F61B406-CA28-3CAC-C352-FCCC6A6AFDFA}.Debug|x64.ActiveCfg = Debug|Any CPU
		{9F61B406-CA28-3CAC-C352-FCCC6A6AFDFA}.Debug|x64.Build.0 = Debug|Any CPU
		{9F61B406-CA28-3CAC-C352-FCCC6A6AFDFA}.Debug|x86.ActiveCfg = Debug|Any CPU
		{9F61B406-CA28-3CAC-C352-FCCC6A6AFDFA}.Debug|x86.Build.0 = Debug|Any CPU
		{9F61B406-CA28-3CAC-C352-FCCC6A6AFDFA}.Release|Any CPU.ActiveCfg = Release|Any CPU
		{9F61B406-CA28-3CAC-C352-FCCC6A6AFDFA}.Release|Any CPU.Build.0 = Release|Any CPU
		{9F61B406-CA28-3CAC-C352-FCCC6A6AFDFA}.Release|x64.ActiveCfg = Release|Any CPU
		{9F61B406-CA28-3CAC-C352-FCCC6A6AFDFA}.Release|x64.Build.0 = Release|Any CPU
		{9F61B406-CA28-3CAC-C352-FCCC6A6AFDFA}.Release|x86.ActiveCfg = Release|Any CPU
		{9F61B406-CA28-3CAC-C352-FCCC6A6AFDFA}.Release|x86.Build.0 = Release|Any CPU
		{E22A60D7-5E94-4E54-9B94-7CEA40FDE6CF}.Debug|Any CPU.ActiveCfg = Debug|Any CPU
		{E22A60D7-5E94-4E54-9B94-7CEA40FDE6CF}.Debug|Any CPU.Build.0 = Debug|Any CPU
		{E22A60D7-5E94-4E54-9B94-7CEA40FDE6CF}.Debug|x64.ActiveCfg = Debug|Any CPU
		{E22A60D7-5E94-4E54-9B94-7CEA40FDE6CF}.Debug|x64.Build.0 = Debug|Any CPU
		{E22A60D7-5E94-4E54-9B94-7CEA40FDE6CF}.Debug|x86.ActiveCfg = Debug|Any CPU
		{E22A60D7-5E94-4E54-9B94-7CEA40FDE6CF}.Debug|x86.Build.0 = Debug|Any CPU
		{E22A60D7-5E94-4E54-9B94-7CEA40FDE6CF}.Release|Any CPU.ActiveCfg = Release|Any CPU
		{E22A60D7-5E94-4E54-9B94-7CEA40FDE6CF}.Release|Any CPU.Build.0 = Release|Any CPU
		{E22A60D7-5E94-4E54-9B94-7CEA40FDE6CF}.Release|x64.ActiveCfg = Release|Any CPU
		{E22A60D7-5E94-4E54-9B94-7CEA40FDE6CF}.Release|x64.Build.0 = Release|Any CPU
		{E22A60D7-5E94-4E54-9B94-7CEA40FDE6CF}.Release|x86.ActiveCfg = Release|Any CPU
		{E22A60D7-5E94-4E54-9B94-7CEA40FDE6CF}.Release|x86.Build.0 = Release|Any CPU
		{ED766B5C-CBF3-4CE0-ADD0-3ADCE1E8312A}.Debug|Any CPU.ActiveCfg = Debug|Any CPU
		{ED766B5C-CBF3-4CE0-ADD0-3ADCE1E8312A}.Debug|Any CPU.Build.0 = Debug|Any CPU
		{ED766B5C-CBF3-4CE0-ADD0-3ADCE1E8312A}.Debug|x64.ActiveCfg = Debug|Any CPU
		{ED766B5C-CBF3-4CE0-ADD0-3ADCE1E8312A}.Debug|x64.Build.0 = Debug|Any CPU
		{ED766B5C-CBF3-4CE0-ADD0-3ADCE1E8312A}.Debug|x86.ActiveCfg = Debug|Any CPU
		{ED766B5C-CBF3-4CE0-ADD0-3ADCE1E8312A}.Debug|x86.Build.0 = Debug|Any CPU
		{ED766B5C-CBF3-4CE0-ADD0-3ADCE1E8312A}.Release|Any CPU.ActiveCfg = Release|Any CPU
		{ED766B5C-CBF3-4CE0-ADD0-3ADCE1E8312A}.Release|Any CPU.Build.0 = Release|Any CPU
		{ED766B5C-CBF3-4CE0-ADD0-3ADCE1E8312A}.Release|x64.ActiveCfg = Release|Any CPU
		{ED766B5C-CBF3-4CE0-ADD0-3ADCE1E8312A}.Release|x64.Build.0 = Release|Any CPU
		{ED766B5C-CBF3-4CE0-ADD0-3ADCE1E8312A}.Release|x86.ActiveCfg = Release|Any CPU
		{ED766B5C-CBF3-4CE0-ADD0-3ADCE1E8312A}.Release|x86.Build.0 = Release|Any CPU
		{C544D9D1-F19C-4C1A-870D-C4D59579B69B}.Debug|Any CPU.ActiveCfg = Debug|Any CPU
		{C544D9D1-F19C-4C1A-870D-C4D59579B69B}.Debug|Any CPU.Build.0 = Debug|Any CPU
		{C544D9D1-F19C-4C1A-870D-C4D59579B69B}.Debug|x64.ActiveCfg = Debug|Any CPU
		{C544D9D1-F19C-4C1A-870D-C4D59579B69B}.Debug|x64.Build.0 = Debug|Any CPU
		{C544D9D1-F19C-4C1A-870D-C4D59579B69B}.Debug|x86.ActiveCfg = Debug|Any CPU
		{C544D9D1-F19C-4C1A-870D-C4D59579B69B}.Debug|x86.Build.0 = Debug|Any CPU
		{C544D9D1-F19C-4C1A-870D-C4D59579B69B}.Release|Any CPU.ActiveCfg = Release|Any CPU
		{C544D9D1-F19C-4C1A-870D-C4D59579B69B}.Release|Any CPU.Build.0 = Release|Any CPU
		{C544D9D1-F19C-4C1A-870D-C4D59579B69B}.Release|x64.ActiveCfg = Release|Any CPU
		{C544D9D1-F19C-4C1A-870D-C4D59579B69B}.Release|x64.Build.0 = Release|Any CPU
		{C544D9D1-F19C-4C1A-870D-C4D59579B69B}.Release|x86.ActiveCfg = Release|Any CPU
		{C544D9D1-F19C-4C1A-870D-C4D59579B69B}.Release|x86.Build.0 = Release|Any CPU
		{E81BF60E-03B3-C57B-D691-74EBC4328BE1}.Debug|Any CPU.ActiveCfg = Debug|Any CPU
		{E81BF60E-03B3-C57B-D691-74EBC4328BE1}.Debug|Any CPU.Build.0 = Debug|Any CPU
		{E81BF60E-03B3-C57B-D691-74EBC4328BE1}.Debug|x64.ActiveCfg = Debug|Any CPU
		{E81BF60E-03B3-C57B-D691-74EBC4328BE1}.Debug|x64.Build.0 = Debug|Any CPU
		{E81BF60E-03B3-C57B-D691-74EBC4328BE1}.Debug|x86.ActiveCfg = Debug|Any CPU
		{E81BF60E-03B3-C57B-D691-74EBC4328BE1}.Debug|x86.Build.0 = Debug|Any CPU
		{E81BF60E-03B3-C57B-D691-74EBC4328BE1}.Release|Any CPU.ActiveCfg = Release|Any CPU
		{E81BF60E-03B3-C57B-D691-74EBC4328BE1}.Release|Any CPU.Build.0 = Release|Any CPU
		{E81BF60E-03B3-C57B-D691-74EBC4328BE1}.Release|x64.ActiveCfg = Release|Any CPU
		{E81BF60E-03B3-C57B-D691-74EBC4328BE1}.Release|x64.Build.0 = Release|Any CPU
		{E81BF60E-03B3-C57B-D691-74EBC4328BE1}.Release|x86.ActiveCfg = Release|Any CPU
		{E81BF60E-03B3-C57B-D691-74EBC4328BE1}.Release|x86.Build.0 = Release|Any CPU
		{261A729B-5D01-4E88-B4A8-6D5DFDA10CD8}.Debug|Any CPU.ActiveCfg = Debug|Any CPU
		{261A729B-5D01-4E88-B4A8-6D5DFDA10CD8}.Debug|Any CPU.Build.0 = Debug|Any CPU
		{261A729B-5D01-4E88-B4A8-6D5DFDA10CD8}.Debug|x64.ActiveCfg = Debug|Any CPU
		{261A729B-5D01-4E88-B4A8-6D5DFDA10CD8}.Debug|x64.Build.0 = Debug|Any CPU
		{261A729B-5D01-4E88-B4A8-6D5DFDA10CD8}.Debug|x86.ActiveCfg = Debug|Any CPU
		{261A729B-5D01-4E88-B4A8-6D5DFDA10CD8}.Debug|x86.Build.0 = Debug|Any CPU
		{261A729B-5D01-4E88-B4A8-6D5DFDA10CD8}.Release|Any CPU.ActiveCfg = Release|Any CPU
		{261A729B-5D01-4E88-B4A8-6D5DFDA10CD8}.Release|Any CPU.Build.0 = Release|Any CPU
		{261A729B-5D01-4E88-B4A8-6D5DFDA10CD8}.Release|x64.ActiveCfg = Release|Any CPU
		{261A729B-5D01-4E88-B4A8-6D5DFDA10CD8}.Release|x64.Build.0 = Release|Any CPU
		{261A729B-5D01-4E88-B4A8-6D5DFDA10CD8}.Release|x86.ActiveCfg = Release|Any CPU
		{261A729B-5D01-4E88-B4A8-6D5DFDA10CD8}.Release|x86.Build.0 = Release|Any CPU
		{AD8E5EA7-C61F-4D37-A1B9-E21E5B97B120}.Debug|Any CPU.ActiveCfg = Debug|Any CPU
		{AD8E5EA7-C61F-4D37-A1B9-E21E5B97B120}.Debug|Any CPU.Build.0 = Debug|Any CPU
		{AD8E5EA7-C61F-4D37-A1B9-E21E5B97B120}.Debug|x64.ActiveCfg = Debug|Any CPU
		{AD8E5EA7-C61F-4D37-A1B9-E21E5B97B120}.Debug|x64.Build.0 = Debug|Any CPU
		{AD8E5EA7-C61F-4D37-A1B9-E21E5B97B120}.Debug|x86.ActiveCfg = Debug|Any CPU
		{AD8E5EA7-C61F-4D37-A1B9-E21E5B97B120}.Debug|x86.Build.0 = Debug|Any CPU
		{AD8E5EA7-C61F-4D37-A1B9-E21E5B97B120}.Release|Any CPU.ActiveCfg = Release|Any CPU
		{AD8E5EA7-C61F-4D37-A1B9-E21E5B97B120}.Release|Any CPU.Build.0 = Release|Any CPU
		{AD8E5EA7-C61F-4D37-A1B9-E21E5B97B120}.Release|x64.ActiveCfg = Release|Any CPU
		{AD8E5EA7-C61F-4D37-A1B9-E21E5B97B120}.Release|x64.Build.0 = Release|Any CPU
		{AD8E5EA7-C61F-4D37-A1B9-E21E5B97B120}.Release|x86.ActiveCfg = Release|Any CPU
		{AD8E5EA7-C61F-4D37-A1B9-E21E5B97B120}.Release|x86.Build.0 = Release|Any CPU
	EndGlobalSection
	GlobalSection(SolutionProperties) = preSolution
		HideSolutionNode = FALSE
	EndGlobalSection
	GlobalSection(NestedProjects) = preSolution
		{59BF4908-41AA-EADE-1F87-7017183F1D38} = {5BFE4096-119E-7994-1857-DCB610C06FE9}
		{9122D03A-FA28-046E-C75E-3C4D9ED9F941} = {59BF4908-41AA-EADE-1F87-7017183F1D38}
	EndGlobalSection
	GlobalSection(ExtensibilityGlobals) = postSolution
		SolutionGuid = {904DDD0A-8482-4AB7-8357-8DBDB953FAD1}
	EndGlobalSection
EndGlobal
