
Microsoft Visual Studio Solution File, Format Version 12.00
# Visual Studio Version 18
VisualStudioVersion = 18.3.11505.172
MinimumVisualStudioVersion = 10.0.40219.1
Project("{FAE04EC0-301F-11D3-BF4B-00C04F79EFBC}") = "Function", "dnapp\lambdas\restaurant-api\Function.csproj", "{A732B899-7426-55FC-CC5C-12E07C15004D}"
EndProject
Project("{FAE04EC0-301F-11D3-BF4B-00C04F79EFBC}") = "Restaurant.Api", "dnapp\lambdas\restaurant-api\Restaurant.Api\Restaurant.Api.csproj", "{AA3DDF22-A035-EE6B-F610-64E3744F26A6}"
EndProject
Project("{FAE04EC0-301F-11D3-BF4B-00C04F79EFBC}") = "Restaurant.Core", "dnapp\lambdas\restaurant-api\Restaurant.Core\Restaurant.Core.csproj", "{9F61B406-CA28-3CAC-C352-FCCC6A6AFDFA}"
EndProject
Project("{FAE04EC0-301F-11D3-BF4B-00C04F79EFBC}") = "Restaurant.Infrastructure", "dnapp\lambdas\restaurant-api\Restaurant.Infrastructure\Restaurant.Infrastructure.csproj", "{E22A60D7-5E94-4E54-9B94-7CEA40FDE6CF}"
EndProject
Project("{2150E333-8FDC-42A3-9474-1A3956D46DE8}") = "tests", "tests", "{0AB3BF05-4346-4AA6-1389-037BE0695223}"
EndProject
Project("{FAE04EC0-301F-11D3-BF4B-00C04F79EFBC}") = "Restaurant.Core.Tests", "tests\Restaurant.Core.Tests\Restaurant.Core.Tests.csproj", "{361ACAED-D8A3-4941-AB25-D5AFE255BF37}"
EndProject
Project("{2150E333-8FDC-42A3-9474-1A3956D46DE8}") = "dnapp", "dnapp", "{5BFE4096-119E-7994-1857-DCB610C06FE9}"
EndProject
Project("{2150E333-8FDC-42A3-9474-1A3956D46DE8}") = "lambdas", "lambdas", "{59BF4908-41AA-EADE-1F87-7017183F1D38}"
EndProject
Project("{2150E333-8FDC-42A3-9474-1A3956D46DE8}") = "restaurant-api", "restaurant-api", "{9122D03A-FA28-046E-C75E-3C4D9ED9F941}"
EndProject
Project("{FAE04EC0-301F-11D3-BF4B-00C04F79EFBC}") = "Restaurant.Api.Tests", "tests\Restaurant.Api.Tests\Restaurant.Api.Tests.csproj", "{EB94E6EF-A9A6-4E10-A07C-CEFC4507CB28}"
EndProject
Project("{FAE04EC0-301F-11D3-BF4B-00C04F79EFBC}") = "Restaurant.Infrastructure.IntegrationTests", "tests\Restaurant.Infrastructure.IntegrationTests\Restaurant.Infrastructure.IntegrationTests.csproj", "{75A3FC6C-C656-40AB-B5DE-90B8CF395C29}"
EndProject
Global
	GlobalSection(SolutionConfigurationPlatforms) = preSolution
		Debug|Any CPU = Debug|Any CPU
		Debug|x64 = Debug|x64
		Debug|x86 = Debug|x86
		Release|Any CPU = Release|Any CPU
		Release|x64 = Release|x64
		Release|x86 = Release|x86
	EndGlobalSection
	GlobalSection(ProjectConfigurationPlatforms) = postSolution
		{A732B899-7426-55FC-CC5C-12E07C15004D}.Debug|Any CPU.ActiveCfg = Debug|Any CPU
		{A732B899-7426-55FC-CC5C-12E07C15004D}.Debug|Any CPU.Build.0 = Debug|Any CPU
		{A732B899-7426-55FC-CC5C-12E07C15004D}.Debug|x64.ActiveCfg = Debug|Any CPU
		{A732B899-7426-55FC-CC5C-12E07C15004D}.Debug|x64.Build.0 = Debug|Any CPU
		{A732B899-7426-55FC-CC5C-12E07C15004D}.Debug|x86.ActiveCfg = Debug|Any CPU
		{A732B899-7426-55FC-CC5C-12E07C15004D}.Debug|x86.Build.0 = Debug|Any CPU
		{A732B899-7426-55FC-CC5C-12E07C15004D}.Release|Any CPU.ActiveCfg = Release|Any CPU
		{A732B899-7426-55FC-CC5C-12E07C15004D}.Release|Any CPU.Build.0 = Release|Any CPU
		{A732B899-7426-55FC-CC5C-12E07C15004D}.Release|x64.ActiveCfg = Release|Any CPU
		{A732B899-7426-55FC-CC5C-12E07C15004D}.Release|x64.Build.0 = Release|Any CPU
		{A732B899-7426-55FC-CC5C-12E07C15004D}.Release|x86.ActiveCfg = Release|Any CPU
		{A732B899-7426-55FC-CC5C-12E07C15004D}.Release|x86.Build.0 = Release|Any CPU
		{AA3DDF22-A035-EE6B-F610-64E3744F26A6}.Debug|Any CPU.ActiveCfg = Debug|Any CPU
		{AA3DDF22-A035-EE6B-F610-64E3744F26A6}.Debug|Any CPU.Build.0 = Debug|Any CPU
		{AA3DDF22-A035-EE6B-F610-64E3744F26A6}.Debug|x64.ActiveCfg = Debug|Any CPU
		{AA3DDF22-A035-EE6B-F610-64E3744F26A6}.Debug|x64.Build.0 = Debug|Any CPU
		{AA3DDF22-A035-EE6B-F610-64E3744F26A6}.Debug|x86.ActiveCfg = Debug|Any CPU
		{AA3DDF22-A035-EE6B-F610-64E3744F26A6}.Debug|x86.Build.0 = Debug|Any CPU
		{AA3DDF22-A035-EE6B-F610-64E3744F26A6}.Release|Any CPU.ActiveCfg = Release|Any CPU
		{AA3DDF22-A035-EE6B-F610-64E3744F26A6}.Release|Any CPU.Build.0 = Release|Any CPU
		{AA3DDF22-A035-EE6B-F610-64E3744F26A6}.Release|x64.ActiveCfg = Release|Any CPU
		{AA3DDF22-A035-EE6B-F610-64E3744F26A6}.Release|x64.Build.0 = Release|Any CPU
		{AA3DDF22-A035-EE6B-F610-64E3744F26A6}.Release|x86.ActiveCfg = Release|Any CPU
		{AA3DDF22-A035-EE6B-F610-64E3744F26A6}.Release|x86.Build.0 = Release|Any CPU
		{9F61B406-CA28-3CAC-C352-FCCC6A6AFDFA}.Debug|Any CPU.ActiveCfg = Debug|Any CPU
		{9F61B406-CA28-3CAC-C352-FCCC6A6AFDFA}.Debug|Any CPU.Build.0 = Debug|Any CPU
		{9F61B406-CA28-3CAC-C352-FCCC6A6AFDFA}.Debug|x64.ActiveCfg = Debug|Any CPU
		{9F61B406-CA28-3CAC-C352-FCCC6A6AFDFA}.Debug|x64.Build.0 = Debug|Any CPU
		{9F61B406-CA28-3CAC-C352-FCCC6A6AFDFA}.Debug|x86.ActiveCfg = Debug|Any CPU
		{9F61B406-CA28-3CAC-C352-FCCC6A6AFDFA}.Debug|x86.Build.0 = Debug|Any CPU
		{9F61B406-CA28-3CAC-C352-FCCC6A6AFDFA}.Release|Any CPU.ActiveCfg = Release|Any CPU
		{9F61B406-CA28-3CAC-C352-FCCC6A6AFDFA}.Release|Any CPU.Build.0 = Release|Any CPU
		{9F61B406-CA28-3CAC-C352-FCCC6A6AFDFA}.Release|x64.ActiveCfg = Release|Any CPU
		{9F61B406-CA28-3CAC-C352-FCCC6A6AFDFA}.Release|x64.Build.0 = Release|Any CPU
		{9F61B406-CA28-3CAC-C352-FCCC6A6AFDFA}.Release|x86.ActiveCfg = Release|Any CPU
		{9F61B406-CA28-3CAC-C352-FCCC6A6AFDFA}.Release|x86.Build.0 = Release|Any CPU
		{E22A60D7-5E94-4E54-9B94-7CEA40FDE6CF}.Debug|Any CPU.ActiveCfg = Debug|Any CPU
		{E22A60D7-5E94-4E54-9B94-7CEA40FDE6CF}.Debug|Any CPU.Build.0 = Debug|Any CPU
		{E22A60D7-5E94-4E54-9B94-7CEA40FDE6CF}.Debug|x64.ActiveCfg = Debug|Any CPU
		{E22A60D7-5E94-4E54-9B94-7CEA40FDE6CF}.Debug|x64.Build.0 = Debug|Any CPU
		{E22A60D7-5E94-4E54-9B94-7CEA40FDE6CF}.Debug|x86.ActiveCfg = Debug|Any CPU
		{E22A60D7-5E94-4E54-9B94-7CEA40FDE6CF}.Debug|x86.Build.0 = Debug|Any CPU
		{E22A60D7-5E94-4E54-9B94-7CEA40FDE6CF}.Release|Any CPU.ActiveCfg = Release|Any CPU
		{E22A60D7-5E94-4E54-9B94-7CEA40FDE6CF}.Release|Any CPU.Build.0 = Release|Any CPU
		{E22A60D7-5E94-4E54-9B94-7CEA40FDE6CF}.Release|x64.ActiveCfg = Release|Any CPU
		{E22A60D7-5E94-4E54-9B94-7CEA40FDE6CF}.Release|x64.Build.0 = Release|Any CPU
		{E22A60D7-5E94-4E54-9B94-7CEA40FDE6CF}.Release|x86.ActiveCfg = Release|Any CPU
		{E22A60D7-5E94-4E54-9B94-7CEA40FDE6CF}.Release|x86.Build.0 = Release|Any CPU
		{361ACAED-D8A3-4941-AB25-D5AFE255BF37}.Debug|Any CPU.ActiveCfg = Debug|Any CPU
		{361ACAED-D8A3-4941-AB25-D5AFE255BF37}.Debug|Any CPU.Build.0 = Debug|Any CPU
		{361ACAED-D8A3-4941-AB25-D5AFE255BF37}.Debug|x64.ActiveCfg = Debug|Any CPU
		{361ACAED-D8A3-4941-AB25-D5AFE255BF37}.Debug|x64.Build.0 = Debug|Any CPU
		{361ACAED-D8A3-4941-AB25-D5AFE255BF37}.Debug|x86.ActiveCfg = Debug|Any CPU
		{361ACAED-D8A3-4941-AB25-D5AFE255BF37}.Debug|x86.Build.0 = Debug|Any CPU
		{361ACAED-D8A3-4941-AB25-D5AFE255BF37}.Release|Any CPU.ActiveCfg = Release|Any CPU
		{361ACAED-D8A3-4941-AB25-D5AFE255BF37}.Release|Any CPU.Build.0 = Release|Any CPU
		{361ACAED-D8A3-4941-AB25-D5AFE255BF37}.Release|x64.ActiveCfg = Release|Any CPU
		{361ACAED-D8A3-4941-AB25-D5AFE255BF37}.Release|x64.Build.0 = Release|Any CPU
		{361ACAED-D8A3-4941-AB25-D5AFE255BF37}.Release|x86.ActiveCfg = Release|Any CPU
		{361ACAED-D8A3-4941-AB25-D5AFE255BF37}.Release|x86.Build.0 = Release|Any CPU
		{EB94E6EF-A9A6-4E10-A07C-CEFC4507CB28}.Debug|Any CPU.ActiveCfg = Debug|Any CPU
		{EB94E6EF-A9A6-4E10-A07C-CEFC4507CB28}.Debug|Any CPU.Build.0 = Debug|Any CPU
		{EB94E6EF-A9A6-4E10-A07C-CEFC4507CB28}.Debug|x64.ActiveCfg = Debug|Any CPU
		{EB94E6EF-A9A6-4E10-A07C-CEFC4507CB28}.Debug|x64.Build.0 = Debug|Any CPU
		{EB94E6EF-A9A6-4E10-A07C-CEFC4507CB28}.Debug|x86.ActiveCfg = Debug|Any CPU
		{EB94E6EF-A9A6-4E10-A07C-CEFC4507CB28}.Debug|x86.Build.0 = Debug|Any CPU
		{EB94E6EF-A9A6-4E10-A07C-CEFC4507CB28}.Release|Any CPU.ActiveCfg = Release|Any CPU
		{EB94E6EF-A9A6-4E10-A07C-CEFC4507CB28}.Release|Any CPU.Build.0 = Release|Any CPU
		{EB94E6EF-A9A6-4E10-A07C-CEFC4507CB28}.Release|x64.ActiveCfg = Release|Any CPU
		{EB94E6EF-A9A6-4E10-A07C-CEFC4507CB28}.Release|x64.Build.0 = Release|Any CPU
		{EB94E6EF-A9A6-4E10-A07C-CEFC4507CB28}.Release|x86.ActiveCfg = Release|Any CPU
		{EB94E6EF-A9A6-4E10-A07C-CEFC4507CB28}.Release|x86.Build.0 = Release|Any CPU
		{75A3FC6C-C656-40AB-B5DE-90B8CF395C29}.Debug|Any CPU.ActiveCfg = Debug|Any CPU
		{75A3FC6C-C656-40AB-B5DE-90B8CF395C29}.Debug|Any CPU.Build.0 = Debug|Any CPU
		{75A3FC6C-C656-40AB-B5DE-90B8CF395C29}.Debug|x64.ActiveCfg = Debug|Any CPU
		{75A3FC6C-C656-40AB-B5DE-90B8CF395C29}.Debug|x64.Build.0 = Debug|Any CPU
		{75A3FC6C-C656-40AB-B5DE-90B8CF395C29}.Debug|x86.ActiveCfg = Debug|Any CPU
		{75A3FC6C-C656-40AB-B5DE-90B8CF395C29}.Debug|x86.Build.0 = Debug|Any CPU
		{75A3FC6C-C656-40AB-B5DE-90B8CF395C29}.Release|Any CPU.ActiveCfg = Release|Any CPU
		{75A3FC6C-C656-40AB-B5DE-90B8CF395C29}.Release|Any CPU.Build.0 = Release|Any CPU
		{75A3FC6C-C656-40AB-B5DE-90B8CF395C29}.Release|x64.ActiveCfg = Release|Any CPU
		{75A3FC6C-C656-40AB-B5DE-90B8CF395C29}.Release|x64.Build.0 = Release|Any CPU
		{75A3FC6C-C656-40AB-B5DE-90B8CF395C29}.Release|x86.ActiveCfg = Release|Any CPU
		{75A3FC6C-C656-40AB-B5DE-90B8CF395C29}.Release|x86.Build.0 = Release|Any CPU
	EndGlobalSection
	GlobalSection(SolutionProperties) = preSolution
		HideSolutionNode = FALSE
	EndGlobalSection
	GlobalSection(NestedProjects) = preSolution
		{361ACAED-D8A3-4941-AB25-D5AFE255BF37} = {0AB3BF05-4346-4AA6-1389-037BE0695223}
		{59BF4908-41AA-EADE-1F87-7017183F1D38} = {5BFE4096-119E-7994-1857-DCB610C06FE9}
		{9122D03A-FA28-046E-C75E-3C4D9ED9F941} = {59BF4908-41AA-EADE-1F87-7017183F1D38}
		{EB94E6EF-A9A6-4E10-A07C-CEFC4507CB28} = {0AB3BF05-4346-4AA6-1389-037BE0695223}
		{75A3FC6C-C656-40AB-B5DE-90B8CF395C29} = {0AB3BF05-4346-4AA6-1389-037BE0695223}
	EndGlobalSection
	GlobalSection(ExtensibilityGlobals) = postSolution
		SolutionGuid = {904DDD0A-8482-4AB7-8357-8DBDB953FAD1}
	EndGlobalSection
EndGlobal
